// !$*UTF8*$!
{
	archiveVersion = 1;
	classes = {
	};
	objectVersion = 56;
	objects = {

/* Begin PBXBuildFile section */
		0A36C8BF2D5D984B004EDF1D /* ColorExt.swift in Sources */ = {isa = PBXBuildFile; fileRef = 0A36C8BE2D5D9845004EDF1D /* ColorExt.swift */; };
		0A67378D2D78889E0013DD5E /* QRScannerView.swift in Sources */ = {isa = PBXBuildFile; fileRef = 0A67378C2D78889E0013DD5E /* QRScannerView.swift */; };
		0AD63ADF2D7BDF1900CBEA69 /* DynamicMultiplier.swift in Sources */ = {isa = PBXBuildFile; fileRef = 0AD63ADE2D7BDF0800CBEA69 /* DynamicMultiplier.swift */; };
		0AD63AE32D7BE4BE00CBEA69 /* KeyboardHandlingViewController.swift in Sources */ = {isa = PBXBuildFile; fileRef = 0AD63AE22D7BE4BE00CBEA69 /* KeyboardHandlingViewController.swift */; };
		0AF8DAF12D5067F2005CB68A /* LogInViewController.swift in Sources */ = {isa = PBXBuildFile; fileRef = 0AF8DAF02D5067F2005CB68A /* LogInViewController.swift */; };
		0AF8DAF32D506A26005CB68A /* CustomLabel.swift in Sources */ = {isa = PBXBuildFile; fileRef = 0AF8DAF22D506A25005CB68A /* CustomLabel.swift */; };
		0AFBFC6F2B22DF6C0030A075 /* ManualTypeViewController.swift in Sources */ = {isa = PBXBuildFile; fileRef = 0AFBFC6E2B22DF6C0030A075 /* ManualTypeViewController.swift */; };
		0AFBFC712B22E1620030A075 /* DataService.swift in Sources */ = {isa = PBXBuildFile; fileRef = 0AFBFC702B22E1620030A075 /* DataService.swift */; };
		0AFCCA132D23D9D800B27340 /* CustomButton.swift in Sources */ = {isa = PBXBuildFile; fileRef = 0AFCCA0F2D23D9D800B27340 /* CustomButton.swift */; };
		0AFCCA142D23D9D800B27340 /* CustomStackView.swift in Sources */ = {isa = PBXBuildFile; fileRef = 0AFCCA102D23D9D800B27340 /* CustomStackView.swift */; };
		0AFCCA152D23D9D800B27340 /* PaddedLabel.swift in Sources */ = {isa = PBXBuildFile; fileRef = 0AFCCA112D23D9D800B27340 /* PaddedLabel.swift */; };
		0AFCCA162D23D9D800B27340 /* CustomTextField.swift in Sources */ = {isa = PBXBuildFile; fileRef = 0AFCCA0E2D23D9D800B27340 /* CustomTextField.swift */; };
		0AFCCA1B2D23DA5800B27340 /* HomeViewController.swift in Sources */ = {isa = PBXBuildFile; fileRef = 0AFCCA1A2D23DA5800B27340 /* HomeViewController.swift */; };
		106493062AE4213100EF26B4 /* LandingPageViewController.swift in Sources */ = {isa = PBXBuildFile; fileRef = 106493052AE4213100EF26B4 /* LandingPageViewController.swift */; };
		A0033E502ADE0E9B007D6574 /* AppDelegate.swift in Sources */ = {isa = PBXBuildFile; fileRef = A0033E4F2ADE0E9B007D6574 /* AppDelegate.swift */; };
		A0033E522ADE0E9B007D6574 /* SceneDelegate.swift in Sources */ = {isa = PBXBuildFile; fileRef = A0033E512ADE0E9B007D6574 /* SceneDelegate.swift */; };
		A0033E542ADE0E9B007D6574 /* ViewController.swift in Sources */ = {isa = PBXBuildFile; fileRef = A0033E532ADE0E9B007D6574 /* ViewController.swift */; };
		A0033E572ADE0E9B007D6574 /* Main.storyboard in Resources */ = {isa = PBXBuildFile; fileRef = A0033E552ADE0E9B007D6574 /* Main.storyboard */; };
		A0033E592ADE0E9C007D6574 /* Assets.xcassets in Resources */ = {isa = PBXBuildFile; fileRef = A0033E582ADE0E9C007D6574 /* Assets.xcassets */; };
		A0033E5C2ADE0E9C007D6574 /* LaunchScreen.storyboard in Resources */ = {isa = PBXBuildFile; fileRef = A0033E5A2ADE0E9C007D6574 /* LaunchScreen.storyboard */; };
		A0033E642ADE9673007D6574 /* ProfileViewController.swift in Sources */ = {isa = PBXBuildFile; fileRef = A0033E632ADE9673007D6574 /* ProfileViewController.swift */; };
/* End PBXBuildFile section */

/* Begin PBXFileReference section */
		0A36C8BE2D5D9845004EDF1D /* ColorExt.swift */ = {isa = PBXFileReference; lastKnownFileType = sourcecode.swift; path = ColorExt.swift; sourceTree = "<group>"; };
		0A67378C2D78889E0013DD5E /* QRScannerView.swift */ = {isa = PBXFileReference; lastKnownFileType = sourcecode.swift; path = QRScannerView.swift; sourceTree = "<group>"; };
		0AD63ADE2D7BDF0800CBEA69 /* DynamicMultiplier.swift */ = {isa = PBXFileReference; lastKnownFileType = sourcecode.swift; path = DynamicMultiplier.swift; sourceTree = "<group>"; };
		0AD63AE22D7BE4BE00CBEA69 /* KeyboardHandlingViewController.swift */ = {isa = PBXFileReference; lastKnownFileType = sourcecode.swift; path = KeyboardHandlingViewController.swift; sourceTree = "<group>"; };
		0AF8DAF02D5067F2005CB68A /* LogInViewController.swift */ = {isa = PBXFileReference; lastKnownFileType = sourcecode.swift; path = LogInViewController.swift; sourceTree = "<group>"; };
		0AF8DAF22D506A25005CB68A /* CustomLabel.swift */ = {isa = PBXFileReference; lastKnownFileType = sourcecode.swift; path = CustomLabel.swift; sourceTree = "<group>"; };
		0AFBFC6E2B22DF6C0030A075 /* ManualTypeViewController.swift */ = {isa = PBXFileReference; lastKnownFileType = sourcecode.swift; path = ManualTypeViewController.swift; sourceTree = "<group>"; };
		0AFBFC702B22E1620030A075 /* DataService.swift */ = {isa = PBXFileReference; lastKnownFileType = sourcecode.swift; path = DataService.swift; sourceTree = "<group>"; };
		0AFCCA0E2D23D9D800B27340 /* CustomTextField.swift */ = {isa = PBXFileReference; lastKnownFileType = sourcecode.swift; path = CustomTextField.swift; sourceTree = "<group>"; };
		0AFCCA0F2D23D9D800B27340 /* CustomButton.swift */ = {isa = PBXFileReference; lastKnownFileType = sourcecode.swift; path = CustomButton.swift; sourceTree = "<group>"; };
		0AFCCA102D23D9D800B27340 /* CustomStackView.swift */ = {isa = PBXFileReference; lastKnownFileType = sourcecode.swift; path = CustomStackView.swift; sourceTree = "<group>"; };
		0AFCCA112D23D9D800B27340 /* PaddedLabel.swift */ = {isa = PBXFileReference; lastKnownFileType = sourcecode.swift; path = PaddedLabel.swift; sourceTree = "<group>"; };
		0AFCCA1A2D23DA5800B27340 /* HomeViewController.swift */ = {isa = PBXFileReference; lastKnownFileType = sourcecode.swift; path = HomeViewController.swift; sourceTree = "<group>"; };
		106493052AE4213100EF26B4 /* LandingPageViewController.swift */ = {isa = PBXFileReference; lastKnownFileType = sourcecode.swift; path = LandingPageViewController.swift; sourceTree = "<group>"; };
		A0033E4C2ADE0E9B007D6574 /* AWTAScan.app */ = {isa = PBXFileReference; explicitFileType = wrapper.application; includeInIndex = 0; path = AWTAScan.app; sourceTree = BUILT_PRODUCTS_DIR; };
		A0033E4F2ADE0E9B007D6574 /* AppDelegate.swift */ = {isa = PBXFileReference; lastKnownFileType = sourcecode.swift; path = AppDelegate.swift; sourceTree = "<group>"; };
		A0033E512ADE0E9B007D6574 /* SceneDelegate.swift */ = {isa = PBXFileReference; lastKnownFileType = sourcecode.swift; path = SceneDelegate.swift; sourceTree = "<group>"; };
		A0033E532ADE0E9B007D6574 /* ViewController.swift */ = {isa = PBXFileReference; lastKnownFileType = sourcecode.swift; path = ViewController.swift; sourceTree = "<group>"; };
		A0033E562ADE0E9B007D6574 /* Base */ = {isa = PBXFileReference; lastKnownFileType = file.storyboard; name = Base; path = Base.lproj/Main.storyboard; sourceTree = "<group>"; };
		A0033E582ADE0E9C007D6574 /* Assets.xcassets */ = {isa = PBXFileReference; lastKnownFileType = folder.assetcatalog; path = Assets.xcassets; sourceTree = "<group>"; };
		A0033E5B2ADE0E9C007D6574 /* Base */ = {isa = PBXFileReference; lastKnownFileType = file.storyboard; name = Base; path = Base.lproj/LaunchScreen.storyboard; sourceTree = "<group>"; };
		A0033E5D2ADE0E9C007D6574 /* Info.plist */ = {isa = PBXFileReference; lastKnownFileType = text.plist.xml; path = Info.plist; sourceTree = "<group>"; };
		A0033E632ADE9673007D6574 /* ProfileViewController.swift */ = {isa = PBXFileReference; lastKnownFileType = sourcecode.swift; path = ProfileViewController.swift; sourceTree = "<group>"; };
/* End PBXFileReference section */

/* Begin PBXFrameworksBuildPhase section */
		A0033E492ADE0E9B007D6574 /* Frameworks */ = {
			isa = PBXFrameworksBuildPhase;
			buildActionMask = 2147483647;
			files = (
			);
			runOnlyForDeploymentPostprocessing = 0;
		};
/* End PBXFrameworksBuildPhase section */

/* Begin PBXGroup section */
		0A36C8BC2D5D9824004EDF1D /* Utils */ = {
			isa = PBXGroup;
			children = (
				0AD63ADE2D7BDF0800CBEA69 /* DynamicMultiplier.swift */,
				0AD63AE22D7BE4BE00CBEA69 /* KeyboardHandlingViewController.swift */,
				0A36C8BE2D5D9845004EDF1D /* ColorExt.swift */,
				0A67378C2D78889E0013DD5E /* QRScannerView.swift */,
			);
			path = Utils;
			sourceTree = "<group>";
		};
		0A36C8C02D5D98B2004EDF1D /* LogIn */ = {
			isa = PBXGroup;
			children = (
				0AF8DAF02D5067F2005CB68A /* LogInViewController.swift */,
			);
			path = LogIn;
			sourceTree = "<group>";
		};
		0A6737872D787E830013DD5E /* OLD CODE */ = {
			isa = PBXGroup;
			children = (
				106493052AE4213100EF26B4 /* LandingPageViewController.swift */,
				A0033E532ADE0E9B007D6574 /* ViewController.swift */,
			);
			path = "OLD CODE";
			sourceTree = "<group>";
		};
		0AFCCA122D23D9D800B27340 /* CustomComponents */ = {
			isa = PBXGroup;
			children = (
				0AF8DAF22D506A25005CB68A /* CustomLabel.swift */,
				0AFCCA0E2D23D9D800B27340 /* CustomTextField.swift */,
				0AFCCA0F2D23D9D800B27340 /* CustomButton.swift */,
				0AFCCA102D23D9D800B27340 /* CustomStackView.swift */,
				0AFCCA112D23D9D800B27340 /* PaddedLabel.swift */,
			);
			path = CustomComponents;
			sourceTree = "<group>";
		};
		0AFCCA182D23DA1F00B27340 /* Screen */ = {
			isa = PBXGroup;
			children = (
				0A36C8C02D5D98B2004EDF1D /* LogIn */,
				0AFCCA192D23DA3800B27340 /* Home */,
			);
			path = Screen;
			sourceTree = "<group>";
		};
		0AFCCA192D23DA3800B27340 /* Home */ = {
			isa = PBXGroup;
			children = (
				0AFCCA1A2D23DA5800B27340 /* HomeViewController.swift */,
			);
			path = Home;
			sourceTree = "<group>";
		};
		A0033E432ADE0E9B007D6574 = {
			isa = PBXGroup;
			children = (
				A0033E4E2ADE0E9B007D6574 /* AWTAScan */,
				A0033E4D2ADE0E9B007D6574 /* Products */,
			);
			sourceTree = "<group>";
		};
		A0033E4D2ADE0E9B007D6574 /* Products */ = {
			isa = PBXGroup;
			children = (
				A0033E4C2ADE0E9B007D6574 /* AWTAScan.app */,
			);
			name = Products;
			sourceTree = "<group>";
		};
		A0033E4E2ADE0E9B007D6574 /* AWTAScan */ = {
			isa = PBXGroup;
			children = (
				0AFCCA122D23D9D800B27340 /* CustomComponents */,
				0A36C8BC2D5D9824004EDF1D /* Utils */,
				0AFCCA182D23DA1F00B27340 /* Screen */,
				A0033E4F2ADE0E9B007D6574 /* AppDelegate.swift */,
				A0033E512ADE0E9B007D6574 /* SceneDelegate.swift */,
				0AFBFC6E2B22DF6C0030A075 /* ManualTypeViewController.swift */,
				A0033E632ADE9673007D6574 /* ProfileViewController.swift */,
				0A6737872D787E830013DD5E /* OLD CODE */,
				0AFBFC702B22E1620030A075 /* DataService.swift */,
				A0033E552ADE0E9B007D6574 /* Main.storyboard */,
				A0033E582ADE0E9C007D6574 /* Assets.xcassets */,
				A0033E5A2ADE0E9C007D6574 /* LaunchScreen.storyboard */,
				A0033E5D2ADE0E9C007D6574 /* Info.plist */,
			);
			path = AWTAScan;
			sourceTree = "<group>";
		};
/* End PBXGroup section */

/* Begin PBXNativeTarget section */
		A0033E4B2ADE0E9B007D6574 /* AWTAScan */ = {
			isa = PBXNativeTarget;
			buildConfigurationList = A0033E602ADE0E9C007D6574 /* Build configuration list for PBXNativeTarget "AWTAScan" */;
			buildPhases = (
				A0033E482ADE0E9B007D6574 /* Sources */,
				A0033E492ADE0E9B007D6574 /* Frameworks */,
				A0033E4A2ADE0E9B007D6574 /* Resources */,
			);
			buildRules = (
			);
			dependencies = (
			);
			name = AWTAScan;
			productName = AWTAScan;
			productReference = A0033E4C2ADE0E9B007D6574 /* AWTAScan.app */;
			productType = "com.apple.product-type.application";
		};
/* End PBXNativeTarget section */

/* Begin PBXProject section */
		A0033E442ADE0E9B007D6574 /* Project object */ = {
			isa = PBXProject;
			attributes = {
				BuildIndependentTargetsInParallel = 1;
				LastSwiftUpdateCheck = 1500;
				LastUpgradeCheck = 1500;
				TargetAttributes = {
					A0033E4B2ADE0E9B007D6574 = {
						CreatedOnToolsVersion = 15.0;
					};
				};
			};
			buildConfigurationList = A0033E472ADE0E9B007D6574 /* Build configuration list for PBXProject "AWTAScan" */;
			compatibilityVersion = "Xcode 14.0";
			developmentRegion = en;
			hasScannedForEncodings = 0;
			knownRegions = (
				en,
				Base,
			);
			mainGroup = A0033E432ADE0E9B007D6574;
			productRefGroup = A0033E4D2ADE0E9B007D6574 /* Products */;
			projectDirPath = "";
			projectRoot = "";
			targets = (
				A0033E4B2ADE0E9B007D6574 /* AWTAScan */,
			);
		};
/* End PBXProject section */

/* Begin PBXResourcesBuildPhase section */
		A0033E4A2ADE0E9B007D6574 /* Resources */ = {
			isa = PBXResourcesBuildPhase;
			buildActionMask = 2147483647;
			files = (
				A0033E5C2ADE0E9C007D6574 /* LaunchScreen.storyboard in Resources */,
				A0033E592ADE0E9C007D6574 /* Assets.xcassets in Resources */,
				A0033E572ADE0E9B007D6574 /* Main.storyboard in Resources */,
			);
			runOnlyForDeploymentPostprocessing = 0;
		};
/* End PBXResourcesBuildPhase section */

/* Begin PBXSourcesBuildPhase section */
		A0033E482ADE0E9B007D6574 /* Sources */ = {
			isa = PBXSourcesBuildPhase;
			buildActionMask = 2147483647;
			files = (
				0AFBFC6F2B22DF6C0030A075 /* ManualTypeViewController.swift in Sources */,
				0A36C8BF2D5D984B004EDF1D /* ColorExt.swift in Sources */,
				0AFBFC712B22E1620030A075 /* DataService.swift in Sources */,
				0AF8DAF32D506A26005CB68A /* CustomLabel.swift in Sources */,
				0AFCCA132D23D9D800B27340 /* CustomButton.swift in Sources */,
				0AFCCA142D23D9D800B27340 /* CustomStackView.swift in Sources */,
				0A67378D2D78889E0013DD5E /* QRScannerView.swift in Sources */,
				0AFCCA152D23D9D800B27340 /* PaddedLabel.swift in Sources */,
				0AD63AE32D7BE4BE00CBEA69 /* KeyboardHandlingViewController.swift in Sources */,
				0AFCCA162D23D9D800B27340 /* CustomTextField.swift in Sources */,
				0AF8DAF12D5067F2005CB68A /* LogInViewController.swift in Sources */,
				106493062AE4213100EF26B4 /* LandingPageViewController.swift in Sources */,
				A0033E542ADE0E9B007D6574 /* ViewController.swift in Sources */,
				A0033E502ADE0E9B007D6574 /* AppDelegate.swift in Sources */,
				0AD63ADF2D7BDF1900CBEA69 /* DynamicMultiplier.swift in Sources */,
				A0033E642ADE9673007D6574 /* ProfileViewController.swift in Sources */,
				A0033E522ADE0E9B007D6574 /* SceneDelegate.swift in Sources */,
				0AFCCA1B2D23DA5800B27340 /* HomeViewController.swift in Sources */,
			);
			runOnlyForDeploymentPostprocessing = 0;
		};
/* End PBXSourcesBuildPhase section */

/* Begin PBXVariantGroup section */
		A0033E552ADE0E9B007D6574 /* Main.storyboard */ = {
			isa = PBXVariantGroup;
			children = (
				A0033E562ADE0E9B007D6574 /* Base */,
			);
			name = Main.storyboard;
			sourceTree = "<group>";
		};
		A0033E5A2ADE0E9C007D6574 /* LaunchScreen.storyboard */ = {
			isa = PBXVariantGroup;
			children = (
				A0033E5B2ADE0E9C007D6574 /* Base */,
			);
			name = LaunchScreen.storyboard;
			sourceTree = "<group>";
		};
/* End PBXVariantGroup section */

/* Begin XCBuildConfiguration section */
		A0033E5E2ADE0E9C007D6574 /* Debug */ = {
			isa = XCBuildConfiguration;
			buildSettings = {
				ALWAYS_SEARCH_USER_PATHS = NO;
				ASSETCATALOG_COMPILER_GENERATE_SWIFT_ASSET_SYMBOL_EXTENSIONS = YES;
				CLANG_ANALYZER_NONNULL = YES;
				CLANG_ANALYZER_NUMBER_OBJECT_CONVERSION = YES_AGGRESSIVE;
				CLANG_CXX_LANGUAGE_STANDARD = "gnu++20";
				CLANG_ENABLE_MODULES = YES;
				CLANG_ENABLE_OBJC_ARC = YES;
				CLANG_ENABLE_OBJC_WEAK = YES;
				CLANG_WARN_BLOCK_CAPTURE_AUTORELEASING = YES;
				CLANG_WARN_BOOL_CONVERSION = YES;
				CLANG_WARN_COMMA = YES;
				CLANG_WARN_CONSTANT_CONVERSION = YES;
				CLANG_WARN_DEPRECATED_OBJC_IMPLEMENTATIONS = YES;
				CLANG_WARN_DIRECT_OBJC_ISA_USAGE = YES_ERROR;
				CLANG_WARN_DOCUMENTATION_COMMENTS = YES;
				CLANG_WARN_EMPTY_BODY = YES;
				CLANG_WARN_ENUM_CONVERSION = YES;
				CLANG_WARN_INFINITE_RECURSION = YES;
				CLANG_WARN_INT_CONVERSION = YES;
				CLANG_WARN_NON_LITERAL_NULL_CONVERSION = YES;
				CLANG_WARN_OBJC_IMPLICIT_RETAIN_SELF = YES;
				CLANG_WARN_OBJC_LITERAL_CONVERSION = YES;
				CLANG_WARN_OBJC_ROOT_CLASS = YES_ERROR;
				CLANG_WARN_QUOTED_INCLUDE_IN_FRAMEWORK_HEADER = YES;
				CLANG_WARN_RANGE_LOOP_ANALYSIS = YES;
				CLANG_WARN_STRICT_PROTOTYPES = YES;
				CLANG_WARN_SUSPICIOUS_MOVE = YES;
				CLANG_WARN_UNGUARDED_AVAILABILITY = YES_AGGRESSIVE;
				CLANG_WARN_UNREACHABLE_CODE = YES;
				CLANG_WARN__DUPLICATE_METHOD_MATCH = YES;
				COPY_PHASE_STRIP = NO;
				DEBUG_INFORMATION_FORMAT = dwarf;
				ENABLE_STRICT_OBJC_MSGSEND = YES;
				ENABLE_TESTABILITY = YES;
				ENABLE_USER_SCRIPT_SANDBOXING = YES;
				GCC_C_LANGUAGE_STANDARD = gnu17;
				GCC_DYNAMIC_NO_PIC = NO;
				GCC_NO_COMMON_BLOCKS = YES;
				GCC_OPTIMIZATION_LEVEL = 0;
				GCC_PREPROCESSOR_DEFINITIONS = (
					"DEBUG=1",
					"$(inherited)",
				);
				GCC_WARN_64_TO_32_BIT_CONVERSION = YES;
				GCC_WARN_ABOUT_RETURN_TYPE = YES_ERROR;
				GCC_WARN_UNDECLARED_SELECTOR = YES;
				GCC_WARN_UNINITIALIZED_AUTOS = YES_AGGRESSIVE;
				GCC_WARN_UNUSED_FUNCTION = YES;
				GCC_WARN_UNUSED_VARIABLE = YES;
				IPHONEOS_DEPLOYMENT_TARGET = 15.0;
				LOCALIZATION_PREFERS_STRING_CATALOGS = YES;
				MTL_ENABLE_DEBUG_INFO = INCLUDE_SOURCE;
				MTL_FAST_MATH = YES;
				ONLY_ACTIVE_ARCH = YES;
				SDKROOT = iphoneos;
				SWIFT_ACTIVE_COMPILATION_CONDITIONS = "DEBUG $(inherited)";
				SWIFT_OPTIMIZATION_LEVEL = "-Onone";
			};
			name = Debug;
		};
		A0033E5F2ADE0E9C007D6574 /* Release */ = {
			isa = XCBuildConfiguration;
			buildSettings = {
				ALWAYS_SEARCH_USER_PATHS = NO;
				ASSETCATALOG_COMPILER_GENERATE_SWIFT_ASSET_SYMBOL_EXTENSIONS = YES;
				CLANG_ANALYZER_NONNULL = YES;
				CLANG_ANALYZER_NUMBER_OBJECT_CONVERSION = YES_AGGRESSIVE;
				CLANG_CXX_LANGUAGE_STANDARD = "gnu++20";
				CLANG_ENABLE_MODULES = YES;
				CLANG_ENABLE_OBJC_ARC = YES;
				CLANG_ENABLE_OBJC_WEAK = YES;
				CLANG_WARN_BLOCK_CAPTURE_AUTORELEASING = YES;
				CLANG_WARN_BOOL_CONVERSION = YES;
				CLANG_WARN_COMMA = YES;
				CLANG_WARN_CONSTANT_CONVERSION = YES;
				CLANG_WARN_DEPRECATED_OBJC_IMPLEMENTATIONS = YES;
				CLANG_WARN_DIRECT_OBJC_ISA_USAGE = YES_ERROR;
				CLANG_WARN_DOCUMENTATION_COMMENTS = YES;
				CLANG_WARN_EMPTY_BODY = YES;
				CLANG_WARN_ENUM_CONVERSION = YES;
				CLANG_WARN_INFINITE_RECURSION = YES;
				CLANG_WARN_INT_CONVERSION = YES;
				CLANG_WARN_NON_LITERAL_NULL_CONVERSION = YES;
				CLANG_WARN_OBJC_IMPLICIT_RETAIN_SELF = YES;
				CLANG_WARN_OBJC_LITERAL_CONVERSION = YES;
				CLANG_WARN_OBJC_ROOT_CLASS = YES_ERROR;
				CLANG_WARN_QUOTED_INCLUDE_IN_FRAMEWORK_HEADER = YES;
				CLANG_WARN_RANGE_LOOP_ANALYSIS = YES;
				CLANG_WARN_STRICT_PROTOTYPES = YES;
				CLANG_WARN_SUSPICIOUS_MOVE = YES;
				CLANG_WARN_UNGUARDED_AVAILABILITY = YES_AGGRESSIVE;
				CLANG_WARN_UNREACHABLE_CODE = YES;
				CLANG_WARN__DUPLICATE_METHOD_MATCH = YES;
				COPY_PHASE_STRIP = NO;
				DEBUG_INFORMATION_FORMAT = "dwarf-with-dsym";
				ENABLE_NS_ASSERTIONS = NO;
				ENABLE_STRICT_OBJC_MSGSEND = YES;
				ENABLE_USER_SCRIPT_SANDBOXING = YES;
				GCC_C_LANGUAGE_STANDARD = gnu17;
				GCC_NO_COMMON_BLOCKS = YES;
				GCC_WARN_64_TO_32_BIT_CONVERSION = YES;
				GCC_WARN_ABOUT_RETURN_TYPE = YES_ERROR;
				GCC_WARN_UNDECLARED_SELECTOR = YES;
				GCC_WARN_UNINITIALIZED_AUTOS = YES_AGGRESSIVE;
				GCC_WARN_UNUSED_FUNCTION = YES;
				GCC_WARN_UNUSED_VARIABLE = YES;
				IPHONEOS_DEPLOYMENT_TARGET = 15.0;
				LOCALIZATION_PREFERS_STRING_CATALOGS = YES;
				MTL_ENABLE_DEBUG_INFO = NO;
				MTL_FAST_MATH = YES;
				SDKROOT = iphoneos;
				SWIFT_COMPILATION_MODE = wholemodule;
				VALIDATE_PRODUCT = YES;
			};
			name = Release;
		};
		A0033E612ADE0E9C007D6574 /* Debug */ = {
			isa = XCBuildConfiguration;
			buildSettings = {
				ASSETCATALOG_COMPILER_APPICON_NAME = AppIcon;
				ASSETCATALOG_COMPILER_GLOBAL_ACCENT_COLOR_NAME = AccentColor;
				ASSETCATALOG_COMPILER_INCLUDE_ALL_APPICON_ASSETS = YES;
				CODE_SIGN_IDENTITY = "Apple Development";
				CODE_SIGN_STYLE = Automatic;
				CURRENT_PROJECT_VERSION = 1;
				DEVELOPMENT_TEAM = 8X9W9XX6VJ;
				GENERATE_INFOPLIST_FILE = YES;
				INFOPLIST_FILE = AWTAScan/Info.plist;
				INFOPLIST_KEY_CFBundleDisplayName = AWTAScanApp;
				INFOPLIST_KEY_NSCameraUsageDescription = "Permission is required to access the user’s camera for QR code scanning.";
				INFOPLIST_KEY_UIApplicationSupportsIndirectInputEvents = YES;
				INFOPLIST_KEY_UILaunchStoryboardName = LaunchScreen.storyboard;
				INFOPLIST_KEY_UIMainStoryboardFile = Main;
				INFOPLIST_KEY_UISupportedInterfaceOrientations = UIInterfaceOrientationPortrait;
				INFOPLIST_KEY_UISupportedInterfaceOrientations_iPad = "UIInterfaceOrientationLandscapeLeft UIInterfaceOrientationLandscapeRight UIInterfaceOrientationPortrait UIInterfaceOrientationPortraitUpsideDown";
				IPHONEOS_DEPLOYMENT_TARGET = 15.0;
				LD_RUNPATH_SEARCH_PATHS = (
					"$(inherited)",
					"@executable_path/Frameworks",
				);
				MARKETING_VERSION = 1.0;
				PRODUCT_BUNDLE_IDENTIFIER = com.kevin.lampawtascanapp;
				PRODUCT_NAME = "$(TARGET_NAME)";
				PROVISIONING_PROFILE_SPECIFIER = "";
				SWIFT_EMIT_LOC_STRINGS = YES;
				SWIFT_VERSION = 5.0;
				TARGETED_DEVICE_FAMILY = "1,2";
			};
			name = Debug;
		};
		A0033E622ADE0E9C007D6574 /* Release */ = {
			isa = XCBuildConfiguration;
			buildSettings = {
				ASSETCATALOG_COMPILER_APPICON_NAME = AppIcon;
				ASSETCATALOG_COMPILER_GLOBAL_ACCENT_COLOR_NAME = AccentColor;
				ASSETCATALOG_COMPILER_INCLUDE_ALL_APPICON_ASSETS = YES;
				CODE_SIGN_IDENTITY = "Apple Development";
				CODE_SIGN_STYLE = Automatic;
				CURRENT_PROJECT_VERSION = 1;
				DEVELOPMENT_TEAM = 8X9W9XX6VJ;
				GENERATE_INFOPLIST_FILE = YES;
				INFOPLIST_FILE = AWTAScan/Info.plist;
				INFOPLIST_KEY_CFBundleDisplayName = AWTAScanApp;
				INFOPLIST_KEY_NSCameraUsageDescription = "Permission is required to access the user’s camera for QR code scanning.";
				INFOPLIST_KEY_UIApplicationSupportsIndirectInputEvents = YES;
				INFOPLIST_KEY_UILaunchStoryboardName = LaunchScreen.storyboard;
				INFOPLIST_KEY_UIMainStoryboardFile = Main;
				INFOPLIST_KEY_UISupportedInterfaceOrientations = UIInterfaceOrientationPortrait;
				INFOPLIST_KEY_UISupportedInterfaceOrientations_iPad = "UIInterfaceOrientationLandscapeLeft UIInterfaceOrientationLandscapeRight UIInterfaceOrientationPortrait UIInterfaceOrientationPortraitUpsideDown";
				IPHONEOS_DEPLOYMENT_TARGET = 15.0;
				LD_RUNPATH_SEARCH_PATHS = (
					"$(inherited)",
					"@executable_path/Frameworks",
				);
				MARKETING_VERSION = 1.0;
				PRODUCT_BUNDLE_IDENTIFIER = com.kevin.lampawtascanapp;
				PRODUCT_NAME = "$(TARGET_NAME)";
				PROVISIONING_PROFILE_SPECIFIER = "";
				SWIFT_EMIT_LOC_STRINGS = YES;
				SWIFT_VERSION = 5.0;
				TARGETED_DEVICE_FAMILY = "1,2";
			};
			name = Release;
		};
/* End XCBuildConfiguration section */

/* Begin XCConfigurationList section */
		A0033E472ADE0E9B007D6574 /* Build configuration list for PBXProject "AWTAScan" */ = {
			isa = XCConfigurationList;
			buildConfigurations = (
				A0033E5E2ADE0E9C007D6574 /* Debug */,
				A0033E5F2ADE0E9C007D6574 /* Release */,
			);
			defaultConfigurationIsVisible = 0;
			defaultConfigurationName = Release;
		};
		A0033E602ADE0E9C007D6574 /* Build configuration list for PBXNativeTarget "AWTAScan" */ = {
			isa = XCConfigurationList;
			buildConfigurations = (
				A0033E612ADE0E9C007D6574 /* Debug */,
				A0033E622ADE0E9C007D6574 /* Release */,
			);
			defaultConfigurationIsVisible = 0;
			defaultConfigurationName = Release;
		};
/* End XCConfigurationList section */
	};
	rootObject = A0033E442ADE0E9B007D6574 /* Project object */;
}
